
Microsoft Visual Studio Solution File, Format Version 12.00
Project("{FAE04EC0-301F-11D3-BF4B-00C04F79EFBC}") = "DotnetVisualScriptNPlusPlus", "DotnetVisualScriptNPlusPlus.csproj", "{3A74FD60-0C7A-4435-9A17-E2D7464B4956}"
EndProject
Global
	GlobalSection(SolutionConfigurationPlatforms) = preSolution
		Debug|Any CPU = Debug|Any CPU
		Release|Any CPU = Release|Any CPU
	EndGlobalSection
	GlobalSection(ProjectConfigurationPlatforms) = postSolution
		{3A74FD60-0C7A-4435-9A17-E2D7464B4956}.Debug|Any CPU.ActiveCfg = Debug|Any CPU
		{3A74FD60-0C7A-4435-9A17-E2D7464B4956}.Debug|Any CPU.Build.0 = Debug|Any CPU
		{3A74FD60-0C7A-4435-9A17-E2D7464B4956}.Release|Any CPU.ActiveCfg = Release|Any CPU
		{3A74FD60-0C7A-4435-9A17-E2D7464B4956}.Release|Any CPU.Build.0 = Release|Any CPU
	EndGlobalSection
EndGlobal
